
Microsoft Visual Studio Solution File, Format Version 12.00
# Visual Studio 15
VisualStudioVersion = 15.0.28307.271
MinimumVisualStudioVersion = 10.0.40219.1
Project("{8BC9CEB8-8B4A-11D0-8D11-00A0C91BC942}") = "战机", "战机\战机.vcxproj", "{888E14EB-6C43-4561-830E-9588E60465B1}"
EndProject
Global
	GlobalSection(SolutionConfigurationPlatforms) = preSolution
		Debug|x64 = Debug|x64
		Debug|x86 = Debug|x86
		Release|x64 = Release|x64
		Release|x86 = Release|x86
	EndGlobalSection
	GlobalSection(ProjectConfigurationPlatforms) = postSolution
		{888E14EB-6C43-4561-830E-9588E60465B1}.Debug|x64.ActiveCfg = Debug|x64
		{888E14EB-6C43-4561-830E-9588E60465B1}.Debug|x64.Build.0 = Debug|x64
		{888E14EB-6C43-4561-830E-9588E60465B1}.Debug|x86.ActiveCfg = Debug|Win32
		{888E14EB-6C43-4561-830E-9588E60465B1}.Debug|x86.Build.0 = Debug|Win32
		{888E14EB-6C43-4561-830E-9588E60465B1}.Release|x64.ActiveCfg = Release|x64
		{888E14EB-6C43-4561-830E-9588E60465B1}.Release|x64.Build.0 = Release|x64
		{888E14EB-6C43-4561-830E-9588E60465B1}.Release|x86.ActiveCfg = Release|Win32
		{888E14EB-6C43-4561-830E-9588E60465B1}.Release|x86.Build.0 = Release|Win32
	EndGlobalSection
	GlobalSection(SolutionProperties) = preSolution
		HideSolutionNode = FALSE
	EndGlobalSection
	GlobalSection(ExtensibilityGlobals) = postSolution
		SolutionGuid = {2A88EC44-CD1B-494B-BCBD-B9A22237F9A1}
	EndGlobalSection
EndGlobal
